// !$*UTF8*$!
{
	archiveVersion = 1;
	classes = {
	};
	objectVersion = 46;
	objects = {

/* Begin PBXBuildFile section */
		372FFE9B1F4E270F009B5873 /* AsdfView.swift in Sources */ = {isa = PBXBuildFile; fileRef = 372FFE9A1F4E270F009B5873 /* AsdfView.swift */; };
		37472D4C1B952611000B7174 /* bottomWave.png in Resources */ = {isa = PBXBuildFile; fileRef = 37472D3C1B952611000B7174 /* bottomWave.png */; };
		37472D4D1B952611000B7174 /* CarBlue.png in Resources */ = {isa = PBXBuildFile; fileRef = 37472D3D1B952611000B7174 /* CarBlue.png */; };
		37472D4E1B952611000B7174 /* dot.png in Resources */ = {isa = PBXBuildFile; fileRef = 37472D3E1B952611000B7174 /* dot.png */; };
		37472D4F1B952611000B7174 /* exsplain.png in Resources */ = {isa = PBXBuildFile; fileRef = 37472D3F1B952611000B7174 /* exsplain.png */; };
		37472D501B952611000B7174 /* Icon-76.png in Resources */ = {isa = PBXBuildFile; fileRef = 37472D401B952611000B7174 /* Icon-76.png */; };
		37472D511B952611000B7174 /* Icon-76@2x.png in Resources */ = {isa = PBXBuildFile; fileRef = 37472D411B952611000B7174 /* Icon-76@2x.png */; };
		37472D521B952611000B7174 /* Icon-76@3x.png in Resources */ = {isa = PBXBuildFile; fileRef = 37472D421B952611000B7174 /* Icon-76@3x.png */; };
		37472D531B952611000B7174 /* iPhone.png in Resources */ = {isa = PBXBuildFile; fileRef = 37472D431B952611000B7174 /* iPhone.png */; };
		37472D541B952611000B7174 /* SettingsIcon.png in Resources */ = {isa = PBXBuildFile; fileRef = 37472D441B952611000B7174 /* SettingsIcon.png */; };
		37472D551B952611000B7174 /* slogan.png in Resources */ = {isa = PBXBuildFile; fileRef = 37472D451B952611000B7174 /* slogan.png */; };
		37472D561B952611000B7174 /* Step 2.png in Resources */ = {isa = PBXBuildFile; fileRef = 37472D461B952611000B7174 /* Step 2.png */; };
		37472D571B952611000B7174 /* Step 3.png in Resources */ = {isa = PBXBuildFile; fileRef = 37472D471B952611000B7174 /* Step 3.png */; };
		37472D581B952611000B7174 /* Step 4.png in Resources */ = {isa = PBXBuildFile; fileRef = 37472D481B952611000B7174 /* Step 4.png */; };
		37472D591B952611000B7174 /* Step One.png in Resources */ = {isa = PBXBuildFile; fileRef = 37472D491B952611000B7174 /* Step One.png */; };
		37472D5A1B952611000B7174 /* Title Text.png in Resources */ = {isa = PBXBuildFile; fileRef = 37472D4A1B952611000B7174 /* Title Text.png */; };
		37472D5B1B952611000B7174 /* topWave.png in Resources */ = {isa = PBXBuildFile; fileRef = 37472D4B1B952611000B7174 /* topWave.png */; };
		37472D5F1B95269F000B7174 /* CarBlueView.swift in Sources */ = {isa = PBXBuildFile; fileRef = 37472D5E1B95269F000B7174 /* CarBlueView.swift */; };
		5770C507F9E122F6B8926A9A /* libPods-CarBlue.a in Frameworks */ = {isa = PBXBuildFile; fileRef = 1C91694DA33A7B4D68C3258D /* libPods-CarBlue.a */; };
		B7EB84A81B84F43A00381D0A /* iAd.framework in Frameworks */ = {isa = PBXBuildFile; fileRef = B7EB84A71B84F43A00381D0A /* iAd.framework */; };
		B7F21BE91B840B8700534CC3 /* AppDelegate.swift in Sources */ = {isa = PBXBuildFile; fileRef = B7F21BE81B840B8700534CC3 /* AppDelegate.swift */; };
		B7F21BEB1B840B8700534CC3 /* ViewController.swift in Sources */ = {isa = PBXBuildFile; fileRef = B7F21BEA1B840B8700534CC3 /* ViewController.swift */; };
		B7F21BEE1B840B8700534CC3 /* Main.storyboard in Resources */ = {isa = PBXBuildFile; fileRef = B7F21BEC1B840B8700534CC3 /* Main.storyboard */; };
		B7F21BF01B840B8700534CC3 /* Images.xcassets in Resources */ = {isa = PBXBuildFile; fileRef = B7F21BEF1B840B8700534CC3 /* Images.xcassets */; };
		B7F21BFF1B840B8800534CC3 /* CarBlueTests.swift in Sources */ = {isa = PBXBuildFile; fileRef = B7F21BFE1B840B8800534CC3 /* CarBlueTests.swift */; };
		B7F21C091B840BED00534CC3 /* CoreAudio.framework in Frameworks */ = {isa = PBXBuildFile; fileRef = B7F21C081B840BED00534CC3 /* CoreAudio.framework */; };
		B7F21C0B1B840C0400534CC3 /* AVFoundation.framework in Frameworks */ = {isa = PBXBuildFile; fileRef = B7F21C0A1B840C0400534CC3 /* AVFoundation.framework */; };
/* End PBXBuildFile section */

/* Begin PBXContainerItemProxy section */
		B7F21BF91B840B8800534CC3 /* PBXContainerItemProxy */ = {
			isa = PBXContainerItemProxy;
			containerPortal = B7F21BDB1B840B8700534CC3 /* Project object */;
			proxyType = 1;
			remoteGlobalIDString = B7F21BE21B840B8700534CC3;
			remoteInfo = CarBlue;
		};
/* End PBXContainerItemProxy section */

/* Begin PBXFileReference section */
		1C91694DA33A7B4D68C3258D /* libPods-CarBlue.a */ = {isa = PBXFileReference; explicitFileType = archive.ar; includeInIndex = 0; path = "libPods-CarBlue.a"; sourceTree = BUILT_PRODUCTS_DIR; };
		372FFE9A1F4E270F009B5873 /* AsdfView.swift */ = {isa = PBXFileReference; fileEncoding = 4; lastKnownFileType = sourcecode.swift; path = AsdfView.swift; sourceTree = "<group>"; };
		37472D3C1B952611000B7174 /* bottomWave.png */ = {isa = PBXFileReference; lastKnownFileType = image.png; path = bottomWave.png; sourceTree = "<group>"; };
		37472D3D1B952611000B7174 /* CarBlue.png */ = {isa = PBXFileReference; lastKnownFileType = image.png; path = CarBlue.png; sourceTree = "<group>"; };
		37472D3E1B952611000B7174 /* dot.png */ = {isa = PBXFileReference; lastKnownFileType = image.png; path = dot.png; sourceTree = "<group>"; };
		37472D3F1B952611000B7174 /* exsplain.png */ = {isa = PBXFileReference; lastKnownFileType = image.png; path = exsplain.png; sourceTree = "<group>"; };
		37472D401B952611000B7174 /* Icon-76.png */ = {isa = PBXFileReference; lastKnownFileType = image.png; path = "Icon-76.png"; sourceTree = "<group>"; };
		37472D411B952611000B7174 /* Icon-76@2x.png */ = {isa = PBXFileReference; lastKnownFileType = image.png; path = "Icon-76@2x.png"; sourceTree = "<group>"; };
		37472D421B952611000B7174 /* Icon-76@3x.png */ = {isa = PBXFileReference; lastKnownFileType = image.png; path = "Icon-76@3x.png"; sourceTree = "<group>"; };
		37472D431B952611000B7174 /* iPhone.png */ = {isa = PBXFileReference; lastKnownFileType = image.png; path = iPhone.png; sourceTree = "<group>"; };
		37472D441B952611000B7174 /* SettingsIcon.png */ = {isa = PBXFileReference; lastKnownFileType = image.png; path = SettingsIcon.png; sourceTree = "<group>"; };
		37472D451B952611000B7174 /* slogan.png */ = {isa = PBXFileReference; lastKnownFileType = image.png; path = slogan.png; sourceTree = "<group>"; };
		37472D461B952611000B7174 /* Step 2.png */ = {isa = PBXFileReference; lastKnownFileType = image.png; path = "Step 2.png"; sourceTree = "<group>"; };
		37472D471B952611000B7174 /* Step 3.png */ = {isa = PBXFileReference; lastKnownFileType = image.png; path = "Step 3.png"; sourceTree = "<group>"; };
		37472D481B952611000B7174 /* Step 4.png */ = {isa = PBXFileReference; lastKnownFileType = image.png; path = "Step 4.png"; sourceTree = "<group>"; };
		37472D491B952611000B7174 /* Step One.png */ = {isa = PBXFileReference; lastKnownFileType = image.png; path = "Step One.png"; sourceTree = "<group>"; };
		37472D4A1B952611000B7174 /* Title Text.png */ = {isa = PBXFileReference; lastKnownFileType = image.png; path = "Title Text.png"; sourceTree = "<group>"; };
		37472D4B1B952611000B7174 /* topWave.png */ = {isa = PBXFileReference; lastKnownFileType = image.png; path = topWave.png; sourceTree = "<group>"; };
		37472D5E1B95269F000B7174 /* CarBlueView.swift */ = {isa = PBXFileReference; fileEncoding = 4; lastKnownFileType = sourcecode.swift; name = CarBlueView.swift; path = CarBlue/CarBlueView.swift; sourceTree = SOURCE_ROOT; };
		B7EB84A71B84F43A00381D0A /* iAd.framework */ = {isa = PBXFileReference; lastKnownFileType = wrapper.framework; name = iAd.framework; path = System/Library/Frameworks/iAd.framework; sourceTree = SDKROOT; };
		B7F21BE31B840B8700534CC3 /* CarBlue.app */ = {isa = PBXFileReference; explicitFileType = wrapper.application; includeInIndex = 0; path = CarBlue.app; sourceTree = BUILT_PRODUCTS_DIR; };
		B7F21BE71B840B8700534CC3 /* Info.plist */ = {isa = PBXFileReference; lastKnownFileType = text.plist.xml; path = Info.plist; sourceTree = "<group>"; };
		B7F21BE81B840B8700534CC3 /* AppDelegate.swift */ = {isa = PBXFileReference; lastKnownFileType = sourcecode.swift; path = AppDelegate.swift; sourceTree = "<group>"; };
		B7F21BEA1B840B8700534CC3 /* ViewController.swift */ = {isa = PBXFileReference; lastKnownFileType = sourcecode.swift; path = ViewController.swift; sourceTree = "<group>"; };
		B7F21BED1B840B8700534CC3 /* Base */ = {isa = PBXFileReference; lastKnownFileType = file.storyboard; name = Base; path = Base.lproj/Main.storyboard; sourceTree = "<group>"; };
		B7F21BEF1B840B8700534CC3 /* Images.xcassets */ = {isa = PBXFileReference; lastKnownFileType = folder.assetcatalog; path = Images.xcassets; sourceTree = "<group>"; };
		B7F21BF81B840B8800534CC3 /* CarBlueTests.xctest */ = {isa = PBXFileReference; explicitFileType = wrapper.cfbundle; includeInIndex = 0; path = CarBlueTests.xctest; sourceTree = BUILT_PRODUCTS_DIR; };
		B7F21BFD1B840B8800534CC3 /* Info.plist */ = {isa = PBXFileReference; lastKnownFileType = text.plist.xml; path = Info.plist; sourceTree = "<group>"; };
		B7F21BFE1B840B8800534CC3 /* CarBlueTests.swift */ = {isa = PBXFileReference; lastKnownFileType = sourcecode.swift; path = CarBlueTests.swift; sourceTree = "<group>"; };
		B7F21C081B840BED00534CC3 /* CoreAudio.framework */ = {isa = PBXFileReference; lastKnownFileType = wrapper.framework; name = CoreAudio.framework; path = System/Library/Frameworks/CoreAudio.framework; sourceTree = SDKROOT; };
		B7F21C0A1B840C0400534CC3 /* AVFoundation.framework */ = {isa = PBXFileReference; lastKnownFileType = wrapper.framework; name = AVFoundation.framework; path = System/Library/Frameworks/AVFoundation.framework; sourceTree = SDKROOT; };
		DE28DE0F4C4AB766CAB2EFF7 /* Pods-CarBlue.debug.xcconfig */ = {isa = PBXFileReference; includeInIndex = 1; lastKnownFileType = text.xcconfig; name = "Pods-CarBlue.debug.xcconfig"; path = "Pods/Target Support Files/Pods-CarBlue/Pods-CarBlue.debug.xcconfig"; sourceTree = "<group>"; };
		FC3FB90F183073488A6E8A09 /* Pods-CarBlue.release.xcconfig */ = {isa = PBXFileReference; includeInIndex = 1; lastKnownFileType = text.xcconfig; name = "Pods-CarBlue.release.xcconfig"; path = "Pods/Target Support Files/Pods-CarBlue/Pods-CarBlue.release.xcconfig"; sourceTree = "<group>"; };
/* End PBXFileReference section */

/* Begin PBXFrameworksBuildPhase section */
		B7F21BE01B840B8700534CC3 /* Frameworks */ = {
			isa = PBXFrameworksBuildPhase;
			buildActionMask = 2147483647;
			files = (
				B7EB84A81B84F43A00381D0A /* iAd.framework in Frameworks */,
				B7F21C0B1B840C0400534CC3 /* AVFoundation.framework in Frameworks */,
				B7F21C091B840BED00534CC3 /* CoreAudio.framework in Frameworks */,
				5770C507F9E122F6B8926A9A /* libPods-CarBlue.a in Frameworks */,
			);
			runOnlyForDeploymentPostprocessing = 0;
		};
		B7F21BF51B840B8800534CC3 /* Frameworks */ = {
			isa = PBXFrameworksBuildPhase;
			buildActionMask = 2147483647;
			files = (
			);
			runOnlyForDeploymentPostprocessing = 0;
		};
/* End PBXFrameworksBuildPhase section */

/* Begin PBXGroup section */
		37472D3B1B952611000B7174 /* images */ = {
			isa = PBXGroup;
			children = (
				37472D3C1B952611000B7174 /* bottomWave.png */,
				37472D3D1B952611000B7174 /* CarBlue.png */,
				37472D3E1B952611000B7174 /* dot.png */,
				37472D3F1B952611000B7174 /* exsplain.png */,
				37472D401B952611000B7174 /* Icon-76.png */,
				37472D411B952611000B7174 /* Icon-76@2x.png */,
				37472D421B952611000B7174 /* Icon-76@3x.png */,
				37472D431B952611000B7174 /* iPhone.png */,
				37472D441B952611000B7174 /* SettingsIcon.png */,
				37472D451B952611000B7174 /* slogan.png */,
				37472D461B952611000B7174 /* Step 2.png */,
				37472D471B952611000B7174 /* Step 3.png */,
				37472D481B952611000B7174 /* Step 4.png */,
				37472D491B952611000B7174 /* Step One.png */,
				37472D4A1B952611000B7174 /* Title Text.png */,
				37472D4B1B952611000B7174 /* topWave.png */,
			);
			path = images;
			sourceTree = "<group>";
		};
		B7F21BDA1B840B8700534CC3 = {
			isa = PBXGroup;
			children = (
				B7F21BE51B840B8700534CC3 /* CarBlue */,
				B7F21BFB1B840B8800534CC3 /* CarBlueTests */,
				B7F21BE41B840B8700534CC3 /* Products */,
				B99E3394112431DBF036F8CC /* Pods */,
				BC3338B74DF652ED0582F4D7 /* Frameworks */,
			);
			sourceTree = "<group>";
		};
		B7F21BE41B840B8700534CC3 /* Products */ = {
			isa = PBXGroup;
			children = (
				B7F21BE31B840B8700534CC3 /* CarBlue.app */,
				B7F21BF81B840B8800534CC3 /* CarBlueTests.xctest */,
			);
			name = Products;
			sourceTree = "<group>";
		};
		B7F21BE51B840B8700534CC3 /* CarBlue */ = {
			isa = PBXGroup;
			children = (
				37472D3B1B952611000B7174 /* images */,
				37472D5E1B95269F000B7174 /* CarBlueView.swift */,
				B7F21BE81B840B8700534CC3 /* AppDelegate.swift */,
				372FFE9A1F4E270F009B5873 /* AsdfView.swift */,
				B7F21BEA1B840B8700534CC3 /* ViewController.swift */,
				B7F21BEC1B840B8700534CC3 /* Main.storyboard */,
				B7F21BEF1B840B8700534CC3 /* Images.xcassets */,
				B7F21BE61B840B8700534CC3 /* Supporting Files */,
			);
			path = CarBlue;
			sourceTree = "<group>";
		};
		B7F21BE61B840B8700534CC3 /* Supporting Files */ = {
			isa = PBXGroup;
			children = (
				B7EB84A71B84F43A00381D0A /* iAd.framework */,
				B7F21C081B840BED00534CC3 /* CoreAudio.framework */,
				B7F21C0A1B840C0400534CC3 /* AVFoundation.framework */,
				B7F21BE71B840B8700534CC3 /* Info.plist */,
			);
			name = "Supporting Files";
			sourceTree = "<group>";
		};
		B7F21BFB1B840B8800534CC3 /* CarBlueTests */ = {
			isa = PBXGroup;
			children = (
				B7F21BFE1B840B8800534CC3 /* CarBlueTests.swift */,
				B7F21BFC1B840B8800534CC3 /* Supporting Files */,
			);
			path = CarBlueTests;
			sourceTree = "<group>";
		};
		B7F21BFC1B840B8800534CC3 /* Supporting Files */ = {
			isa = PBXGroup;
			children = (
				B7F21BFD1B840B8800534CC3 /* Info.plist */,
			);
			name = "Supporting Files";
			sourceTree = "<group>";
		};
		B99E3394112431DBF036F8CC /* Pods */ = {
			isa = PBXGroup;
			children = (
				DE28DE0F4C4AB766CAB2EFF7 /* Pods-CarBlue.debug.xcconfig */,
				FC3FB90F183073488A6E8A09 /* Pods-CarBlue.release.xcconfig */,
			);
			name = Pods;
			sourceTree = "<group>";
		};
		BC3338B74DF652ED0582F4D7 /* Frameworks */ = {
			isa = PBXGroup;
			children = (
				1C91694DA33A7B4D68C3258D /* libPods-CarBlue.a */,
			);
			name = Frameworks;
			sourceTree = "<group>";
		};
/* End PBXGroup section */

/* Begin PBXNativeTarget section */
		B7F21BE21B840B8700534CC3 /* CarBlue */ = {
			isa = PBXNativeTarget;
			buildConfigurationList = B7F21C021B840B8800534CC3 /* Build configuration list for PBXNativeTarget "CarBlue" */;
			buildPhases = (
				73255CE0B1F0911DFAD836C5 /* Check Pods Manifest.lock */,
				B7F21BDF1B840B8700534CC3 /* Sources */,
				B7F21BE01B840B8700534CC3 /* Frameworks */,
				B7F21BE11B840B8700534CC3 /* Resources */,
				40D2084981786F371F74B791 /* Copy Pods Resources */,
			);
			buildRules = (
			);
			dependencies = (
			);
			name = CarBlue;
			productName = CarBlue;
			productReference = B7F21BE31B840B8700534CC3 /* CarBlue.app */;
			productType = "com.apple.product-type.application";
		};
		B7F21BF71B840B8800534CC3 /* CarBlueTests */ = {
			isa = PBXNativeTarget;
			buildConfigurationList = B7F21C051B840B8800534CC3 /* Build configuration list for PBXNativeTarget "CarBlueTests" */;
			buildPhases = (
				B7F21BF41B840B8800534CC3 /* Sources */,
				B7F21BF51B840B8800534CC3 /* Frameworks */,
				B7F21BF61B840B8800534CC3 /* Resources */,
			);
			buildRules = (
			);
			dependencies = (
				B7F21BFA1B840B8800534CC3 /* PBXTargetDependency */,
			);
			name = CarBlueTests;
			productName = CarBlueTests;
			productReference = B7F21BF81B840B8800534CC3 /* CarBlueTests.xctest */;
			productType = "com.apple.product-type.bundle.unit-test";
		};
/* End PBXNativeTarget section */

/* Begin PBXProject section */
		B7F21BDB1B840B8700534CC3 /* Project object */ = {
			isa = PBXProject;
			attributes = {
				CLASSPREFIX = BN;
				LastUpgradeCheck = 0830;
				ORGANIZATIONNAME = betternet;
				TargetAttributes = {
					B7F21BE21B840B8700534CC3 = {
						CreatedOnToolsVersion = 6.4;
						DevelopmentTeam = 4CRG3RCYD2;
						LastSwiftMigration = 0830;
					};
					B7F21BF71B840B8800534CC3 = {
						CreatedOnToolsVersion = 6.4;
						DevelopmentTeam = 4CRG3RCYD2;
						LastSwiftMigration = 0830;
						TestTargetID = B7F21BE21B840B8700534CC3;
					};
				};
			};
			buildConfigurationList = B7F21BDE1B840B8700534CC3 /* Build configuration list for PBXProject "CarBlue" */;
			compatibilityVersion = "Xcode 3.2";
			developmentRegion = English;
			hasScannedForEncodings = 0;
			knownRegions = (
				en,
				Base,
			);
			mainGroup = B7F21BDA1B840B8700534CC3;
			productRefGroup = B7F21BE41B840B8700534CC3 /* Products */;
			projectDirPath = "";
			projectRoot = "";
			targets = (
				B7F21BE21B840B8700534CC3 /* CarBlue */,
				B7F21BF71B840B8800534CC3 /* CarBlueTests */,
			);
		};
/* End PBXProject section */

/* Begin PBXResourcesBuildPhase section */
		B7F21BE11B840B8700534CC3 /* Resources */ = {
			isa = PBXResourcesBuildPhase;
			buildActionMask = 2147483647;
			files = (
				37472D531B952611000B7174 /* iPhone.png in Resources */,
				B7F21BEE1B840B8700534CC3 /* Main.storyboard in Resources */,
				37472D501B952611000B7174 /* Icon-76.png in Resources */,
				37472D5B1B952611000B7174 /* topWave.png in Resources */,
				37472D4E1B952611000B7174 /* dot.png in Resources */,
				37472D511B952611000B7174 /* Icon-76@2x.png in Resources */,
				37472D4D1B952611000B7174 /* CarBlue.png in Resources */,
				37472D521B952611000B7174 /* Icon-76@3x.png in Resources */,
				37472D4F1B952611000B7174 /* exsplain.png in Resources */,
				37472D571B952611000B7174 /* Step 3.png in Resources */,
				37472D4C1B952611000B7174 /* bottomWave.png in Resources */,
				37472D581B952611000B7174 /* Step 4.png in Resources */,
				37472D551B952611000B7174 /* slogan.png in Resources */,
				37472D561B952611000B7174 /* Step 2.png in Resources */,
				B7F21BF01B840B8700534CC3 /* Images.xcassets in Resources */,
				37472D5A1B952611000B7174 /* Title Text.png in Resources */,
				37472D541B952611000B7174 /* SettingsIcon.png in Resources */,
				37472D591B952611000B7174 /* Step One.png in Resources */,
			);
			runOnlyForDeploymentPostprocessing = 0;
		};
		B7F21BF61B840B8800534CC3 /* Resources */ = {
			isa = PBXResourcesBuildPhase;
			buildActionMask = 2147483647;
			files = (
			);
			runOnlyForDeploymentPostprocessing = 0;
		};
/* End PBXResourcesBuildPhase section */

/* Begin PBXShellScriptBuildPhase section */
		40D2084981786F371F74B791 /* Copy Pods Resources */ = {
			isa = PBXShellScriptBuildPhase;
			buildActionMask = 2147483647;
			files = (
			);
			inputPaths = (
			);
			name = "Copy Pods Resources";
			outputPaths = (
			);
			runOnlyForDeploymentPostprocessing = 0;
			shellPath = /bin/sh;
			shellScript = "\"${SRCROOT}/Pods/Target Support Files/Pods-CarBlue/Pods-CarBlue-resources.sh\"\n";
			showEnvVarsInLog = 0;
		};
		73255CE0B1F0911DFAD836C5 /* Check Pods Manifest.lock */ = {
			isa = PBXShellScriptBuildPhase;
			buildActionMask = 2147483647;
			files = (
			);
			inputPaths = (
			);
			name = "Check Pods Manifest.lock";
			outputPaths = (
			);
			runOnlyForDeploymentPostprocessing = 0;
			shellPath = /bin/sh;
			shellScript = "diff \"${PODS_ROOT}/../Podfile.lock\" \"${PODS_ROOT}/Manifest.lock\" > /dev/null\nif [[ $? != 0 ]] ; then\n    cat << EOM\nerror: The sandbox is not in sync with the Podfile.lock. Run 'pod install' or update your CocoaPods installation.\nEOM\n    exit 1\nfi\n";
			showEnvVarsInLog = 0;
		};
/* End PBXShellScriptBuildPhase section */

/* Begin PBXSourcesBuildPhase section */
		B7F21BDF1B840B8700534CC3 /* Sources */ = {
			isa = PBXSourcesBuildPhase;
			buildActionMask = 2147483647;
			files = (
				B7F21BEB1B840B8700534CC3 /* ViewController.swift in Sources */,
				37472D5F1B95269F000B7174 /* CarBlueView.swift in Sources */,
				372FFE9B1F4E270F009B5873 /* AsdfView.swift in Sources */,
				B7F21BE91B840B8700534CC3 /* AppDelegate.swift in Sources */,
			);
			runOnlyForDeploymentPostprocessing = 0;
		};
		B7F21BF41B840B8800534CC3 /* Sources */ = {
			isa = PBXSourcesBuildPhase;
			buildActionMask = 2147483647;
			files = (
				B7F21BFF1B840B8800534CC3 /* CarBlueTests.swift in Sources */,
			);
			runOnlyForDeploymentPostprocessing = 0;
		};
/* End PBXSourcesBuildPhase section */

/* Begin PBXTargetDependency section */
		B7F21BFA1B840B8800534CC3 /* PBXTargetDependency */ = {
			isa = PBXTargetDependency;
			target = B7F21BE21B840B8700534CC3 /* CarBlue */;
			targetProxy = B7F21BF91B840B8800534CC3 /* PBXContainerItemProxy */;
		};
/* End PBXTargetDependency section */

/* Begin PBXVariantGroup section */
		B7F21BEC1B840B8700534CC3 /* Main.storyboard */ = {
			isa = PBXVariantGroup;
			children = (
				B7F21BED1B840B8700534CC3 /* Base */,
			);
			name = Main.storyboard;
			sourceTree = "<group>";
		};
/* End PBXVariantGroup section */

/* Begin XCBuildConfiguration section */
		B7F21C001B840B8800534CC3 /* Debug */ = {
			isa = XCBuildConfiguration;
			buildSettings = {
				ALWAYS_SEARCH_USER_PATHS = NO;
				CLANG_CXX_LANGUAGE_STANDARD = "gnu++0x";
				CLANG_CXX_LIBRARY = "libc++";
				CLANG_ENABLE_MODULES = YES;
				CLANG_ENABLE_OBJC_ARC = YES;
				CLANG_WARN_BOOL_CONVERSION = YES;
				CLANG_WARN_CONSTANT_CONVERSION = YES;
				CLANG_WARN_DIRECT_OBJC_ISA_USAGE = YES_ERROR;
				CLANG_WARN_EMPTY_BODY = YES;
				CLANG_WARN_ENUM_CONVERSION = YES;
				CLANG_WARN_INFINITE_RECURSION = YES;
				CLANG_WARN_INT_CONVERSION = YES;
				CLANG_WARN_OBJC_ROOT_CLASS = YES_ERROR;
				CLANG_WARN_SUSPICIOUS_MOVE = YES;
				CLANG_WARN_UNREACHABLE_CODE = YES;
				CLANG_WARN__DUPLICATE_METHOD_MATCH = YES;
				"CODE_SIGN_IDENTITY[sdk=iphoneos*]" = "iPhone Developer";
				COPY_PHASE_STRIP = NO;
				DEBUG_INFORMATION_FORMAT = "dwarf-with-dsym";
				ENABLE_STRICT_OBJC_MSGSEND = YES;
				ENABLE_TESTABILITY = YES;
				GCC_C_LANGUAGE_STANDARD = gnu99;
				GCC_DYNAMIC_NO_PIC = NO;
				GCC_NO_COMMON_BLOCKS = YES;
				GCC_OPTIMIZATION_LEVEL = 0;
				GCC_PREPROCESSOR_DEFINITIONS = (
					"DEBUG=1",
					"$(inherited)",
				);
				GCC_SYMBOLS_PRIVATE_EXTERN = NO;
				GCC_WARN_64_TO_32_BIT_CONVERSION = YES;
				GCC_WARN_ABOUT_RETURN_TYPE = YES_ERROR;
				GCC_WARN_UNDECLARED_SELECTOR = YES;
				GCC_WARN_UNINITIALIZED_AUTOS = YES_AGGRESSIVE;
				GCC_WARN_UNUSED_FUNCTION = YES;
				GCC_WARN_UNUSED_VARIABLE = YES;
				IPHONEOS_DEPLOYMENT_TARGET = 10.3;
				MTL_ENABLE_DEBUG_INFO = YES;
				ONLY_ACTIVE_ARCH = YES;
				SDKROOT = iphoneos;
				SWIFT_OPTIMIZATION_LEVEL = "-Onone";
				TARGETED_DEVICE_FAMILY = "1,2";
			};
			name = Debug;
		};
		B7F21C011B840B8800534CC3 /* Release */ = {
			isa = XCBuildConfiguration;
			buildSettings = {
				ALWAYS_SEARCH_USER_PATHS = NO;
				CLANG_CXX_LANGUAGE_STANDARD = "gnu++0x";
				CLANG_CXX_LIBRARY = "libc++";
				CLANG_ENABLE_MODULES = YES;
				CLANG_ENABLE_OBJC_ARC = YES;
				CLANG_WARN_BOOL_CONVERSION = YES;
				CLANG_WARN_CONSTANT_CONVERSION = YES;
				CLANG_WARN_DIRECT_OBJC_ISA_USAGE = YES_ERROR;
				CLANG_WARN_EMPTY_BODY = YES;
				CLANG_WARN_ENUM_CONVERSION = YES;
				CLANG_WARN_INFINITE_RECURSION = YES;
				CLANG_WARN_INT_CONVERSION = YES;
				CLANG_WARN_OBJC_ROOT_CLASS = YES_ERROR;
				CLANG_WARN_SUSPICIOUS_MOVE = YES;
				CLANG_WARN_UNREACHABLE_CODE = YES;
				CLANG_WARN__DUPLICATE_METHOD_MATCH = YES;
				"CODE_SIGN_IDENTITY[sdk=iphoneos*]" = "iPhone Developer";
				COPY_PHASE_STRIP = NO;
				DEBUG_INFORMATION_FORMAT = "dwarf-with-dsym";
				ENABLE_NS_ASSERTIONS = NO;
				ENABLE_STRICT_OBJC_MSGSEND = YES;
				GCC_C_LANGUAGE_STANDARD = gnu99;
				GCC_NO_COMMON_BLOCKS = YES;
				GCC_WARN_64_TO_32_BIT_CONVERSION = YES;
				GCC_WARN_ABOUT_RETURN_TYPE = YES_ERROR;
				GCC_WARN_UNDECLARED_SELECTOR = YES;
				GCC_WARN_UNINITIALIZED_AUTOS = YES_AGGRESSIVE;
				GCC_WARN_UNUSED_FUNCTION = YES;
				GCC_WARN_UNUSED_VARIABLE = YES;
				IPHONEOS_DEPLOYMENT_TARGET = 10.3;
				MTL_ENABLE_DEBUG_INFO = NO;
				SDKROOT = iphoneos;
				SWIFT_OPTIMIZATION_LEVEL = "-Owholemodule";
				TARGETED_DEVICE_FAMILY = "1,2";
				VALIDATE_PRODUCT = YES;
			};
			name = Release;
		};
		B7F21C031B840B8800534CC3 /* Debug */ = {
			isa = XCBuildConfiguration;
			baseConfigurationReference = DE28DE0F4C4AB766CAB2EFF7 /* Pods-CarBlue.debug.xcconfig */;
			buildSettings = {
				ASSETCATALOG_COMPILER_APPICON_NAME = AppIcon;
				CODE_SIGN_IDENTITY = "iPhone Developer";
				"CODE_SIGN_IDENTITY[sdk=iphoneos*]" = "iPhone Developer";
				DEVELOPMENT_TEAM = 4CRG3RCYD2;
				INFOPLIST_FILE = CarBlue/Info.plist;
				IPHONEOS_DEPLOYMENT_TARGET = 10.3;
				LD_RUNPATH_SEARCH_PATHS = "$(inherited) @executable_path/Frameworks";
				PRODUCT_BUNDLE_IDENTIFIER = "BN.$(PRODUCT_NAME:rfc1034identifier)";
				PRODUCT_NAME = "$(TARGET_NAME)";
				PROVISIONING_PROFILE = "";
				SWIFT_VERSION = 3.0;
			};
			name = Debug;
		};
		B7F21C041B840B8800534CC3 /* Release */ = {
			isa = XCBuildConfiguration;
			baseConfigurationReference = FC3FB90F183073488A6E8A09 /* Pods-CarBlue.release.xcconfig */;
			buildSettings = {
				ASSETCATALOG_COMPILER_APPICON_NAME = AppIcon;
				CODE_SIGN_IDENTITY = "iPhone Developer";
				"CODE_SIGN_IDENTITY[sdk=iphoneos*]" = "iPhone Developer";
				DEVELOPMENT_TEAM = 4CRG3RCYD2;
				INFOPLIST_FILE = CarBlue/Info.plist;
				IPHONEOS_DEPLOYMENT_TARGET = 10.3;
				LD_RUNPATH_SEARCH_PATHS = "$(inherited) @executable_path/Frameworks";
				PRODUCT_BUNDLE_IDENTIFIER = "BN.$(PRODUCT_NAME:rfc1034identifier)";
				PRODUCT_NAME = "$(TARGET_NAME)";
				PROVISIONING_PROFILE = "";
				SWIFT_VERSION = 3.0;
			};
			name = Release;
		};
		B7F21C061B840B8800534CC3 /* Debug */ = {
			isa = XCBuildConfiguration;
			buildSettings = {
				BUNDLE_LOADER = "$(TEST_HOST)";
				DEVELOPMENT_TEAM = 4CRG3RCYD2;
				FRAMEWORK_SEARCH_PATHS = (
					"$(SDKROOT)/Developer/Library/Frameworks",
					"$(inherited)",
				);
				GCC_PREPROCESSOR_DEFINITIONS = (
					"DEBUG=1",
					"$(inherited)",
				);
				INFOPLIST_FILE = CarBlueTests/Info.plist;
				LD_RUNPATH_SEARCH_PATHS = "$(inherited) @executable_path/Frameworks @loader_path/Frameworks";
				PRODUCT_BUNDLE_IDENTIFIER = "BN.$(PRODUCT_NAME:rfc1034identifier)";
				PRODUCT_NAME = "$(TARGET_NAME)";
				SWIFT_VERSION = 3.0;
				TEST_HOST = "$(BUILT_PRODUCTS_DIR)/CarBlue.app/CarBlue";
			};
			name = Debug;
		};
		B7F21C071B840B8800534CC3 /* Release */ = {
			isa = XCBuildConfiguration;
			buildSettings = {
				BUNDLE_LOADER = "$(TEST_HOST)";
				DEVELOPMENT_TEAM = 4CRG3RCYD2;
				FRAMEWORK_SEARCH_PATHS = (
					"$(SDKROOT)/Developer/Library/Frameworks",
					"$(inherited)",
				);
				INFOPLIST_FILE = CarBlueTests/Info.plist;
				LD_RUNPATH_SEARCH_PATHS = "$(inherited) @executable_path/Frameworks @loader_path/Frameworks";
				PRODUCT_BUNDLE_IDENTIFIER = "BN.$(PRODUCT_NAME:rfc1034identifier)";
				PRODUCT_NAME = "$(TARGET_NAME)";
				SWIFT_VERSION = 3.0;
				TEST_HOST = "$(BUILT_PRODUCTS_DIR)/CarBlue.app/CarBlue";
			};
			name = Release;
		};
/* End XCBuildConfiguration section */

/* Begin XCConfigurationList section */
		B7F21BDE1B840B8700534CC3 /* Build configuration list for PBXProject "CarBlue" */ = {
			isa = XCConfigurationList;
			buildConfigurations = (
				B7F21C001B840B8800534CC3 /* Debug */,
				B7F21C011B840B8800534CC3 /* Release */,
			);
			defaultConfigurationIsVisible = 0;
			defaultConfigurationName = Release;
		};
		B7F21C021B840B8800534CC3 /* Build configuration list for PBXNativeTarget "CarBlue" */ = {
			isa = XCConfigurationList;
			buildConfigurations = (
				B7F21C031B840B8800534CC3 /* Debug */,
				B7F21C041B840B8800534CC3 /* Release */,
			);
			defaultConfigurationIsVisible = 0;
			defaultConfigurationName = Release;
		};
		B7F21C051B840B8800534CC3 /* Build configuration list for PBXNativeTarget "CarBlueTests" */ = {
			isa = XCConfigurationList;
			buildConfigurations = (
				B7F21C061B840B8800534CC3 /* Debug */,
				B7F21C071B840B8800534CC3 /* Release */,
			);
			defaultConfigurationIsVisible = 0;
			defaultConfigurationName = Release;
		};
/* End XCConfigurationList section */
	};
	rootObject = B7F21BDB1B840B8700534CC3 /* Project object */;
}
